
Microsoft Visual Studio Solution File, Format Version 11.00
# Visual Studio 2010
Project("{8BC9CEB8-8B4A-11D0-8D11-00A0C91BC942}") = "ThirdServer", "ThirdServer\ThirdServer.vcxproj", "{A9635763-1A45-4DA4-9DA9-0626AD5A071F}"
EndProject
Global
	GlobalSection(SolutionConfigurationPlatforms) = preSolution
		Debug|Win32 = Debug|Win32
		Release|Win32 = Release|Win32
	EndGlobalSection
	GlobalSection(ProjectConfigurationPlatforms) = postSolution
		{A9635763-1A45-4DA4-9DA9-0626AD5A071F}.Debug|Win32.ActiveCfg = Debug|Win32
		{A9635763-1A45-4DA4-9DA9-0626AD5A071F}.Debug|Win32.Build.0 = Debug|Win32
		{A9635763-1A45-4DA4-9DA9-0626AD5A071F}.Release|Win32.ActiveCfg = Release|Win32
		{A9635763-1A45-4DA4-9DA9-0626AD5A071F}.Release|Win32.Build.0 = Release|Win32
	EndGlobalSection
	GlobalSection(SolutionProperties) = preSolution
		HideSolutionNode = FALSE
	EndGlobalSection
EndGlobal
